
Microsoft Visual Studio Solution File, Format Version 12.00
# Visual Studio 15
VisualStudioVersion = 15.0.28307.1062
MinimumVisualStudioVersion = 10.0.40219.1
Project("{FAE04EC0-301F-11D3-BF4B-00C04F79EFBC}") = "模拟CMD打开文件", "基础复习_练习\模拟CMD打开文件.csproj", "{E02A1553-B44C-4CBA-94CD-62236FE7A7B5}"
EndProject
Project("{FAE04EC0-301F-11D3-BF4B-00C04F79EFBC}") = "面向对象练习_类的字段、属性、非法制限定", "面向对象练习_类的字段、属性、非法制限定\面向对象练习_类的字段、属性、非法制限定.csproj", "{06BF6B35-3F5C-4AAA-BD95-C6F38E0576C1}"
EndProject
Project("{FAE04EC0-301F-11D3-BF4B-00C04F79EFBC}") = "继承和多态", "继承和多态\继承和多态.csproj", "{7599D289-217F-461B-9B3C-FFA54ED63523}"
EndProject
Project("{FAE04EC0-301F-11D3-BF4B-00C04F79EFBC}") = "里式转换", "里式转换\里式转换.csproj", "{2B7204A0-1E7F-43B6-A26C-FDBA30E4ED84}"
EndProject
Project("{FAE04EC0-301F-11D3-BF4B-00C04F79EFBC}") = "多态", "多态\多态.csproj", "{B9384D49-3637-4C00-A5F8-CC70BCF9C4B3}"
EndProject
Project("{FAE04EC0-301F-11D3-BF4B-00C04F79EFBC}") = "File类练习", "File类练习\File类练习.csproj", "{9ED120B1-DD84-4775-BDB5-FC0D2BF6361A}"
EndProject
Project("{FAE04EC0-301F-11D3-BF4B-00C04F79EFBC}") = "随机时间", "随机时间\随机时间.csproj", "{B78321C0-6A91-4926-8C85-864B598D8FA5}"
EndProject
Global
	GlobalSection(SolutionConfigurationPlatforms) = preSolution
		Debug|Any CPU = Debug|Any CPU
		Release|Any CPU = Release|Any CPU
	EndGlobalSection
	GlobalSection(ProjectConfigurationPlatforms) = postSolution
		{E02A1553-B44C-4CBA-94CD-62236FE7A7B5}.Debug|Any CPU.ActiveCfg = Debug|Any CPU
		{E02A1553-B44C-4CBA-94CD-62236FE7A7B5}.Debug|Any CPU.Build.0 = Debug|Any CPU
		{E02A1553-B44C-4CBA-94CD-62236FE7A7B5}.Release|Any CPU.ActiveCfg = Release|Any CPU
		{E02A1553-B44C-4CBA-94CD-62236FE7A7B5}.Release|Any CPU.Build.0 = Release|Any CPU
		{06BF6B35-3F5C-4AAA-BD95-C6F38E0576C1}.Debug|Any CPU.ActiveCfg = Debug|Any CPU
		{06BF6B35-3F5C-4AAA-BD95-C6F38E0576C1}.Debug|Any CPU.Build.0 = Debug|Any CPU
		{06BF6B35-3F5C-4AAA-BD95-C6F38E0576C1}.Release|Any CPU.ActiveCfg = Release|Any CPU
		{06BF6B35-3F5C-4AAA-BD95-C6F38E0576C1}.Release|Any CPU.Build.0 = Release|Any CPU
		{7599D289-217F-461B-9B3C-FFA54ED63523}.Debug|Any CPU.ActiveCfg = Debug|Any CPU
		{7599D289-217F-461B-9B3C-FFA54ED63523}.Debug|Any CPU.Build.0 = Debug|Any CPU
		{7599D289-217F-461B-9B3C-FFA54ED63523}.Release|Any CPU.ActiveCfg = Release|Any CPU
		{7599D289-217F-461B-9B3C-FFA54ED63523}.Release|Any CPU.Build.0 = Release|Any CPU
		{2B7204A0-1E7F-43B6-A26C-FDBA30E4ED84}.Debug|Any CPU.ActiveCfg = Debug|Any CPU
		{2B7204A0-1E7F-43B6-A26C-FDBA30E4ED84}.Debug|Any CPU.Build.0 = Debug|Any CPU
		{2B7204A0-1E7F-43B6-A26C-FDBA30E4ED84}.Release|Any CPU.ActiveCfg = Release|Any CPU
		{2B7204A0-1E7F-43B6-A26C-FDBA30E4ED84}.Release|Any CPU.Build.0 = Release|Any CPU
		{B9384D49-3637-4C00-A5F8-CC70BCF9C4B3}.Debug|Any CPU.ActiveCfg = Debug|Any CPU
		{B9384D49-3637-4C00-A5F8-CC70BCF9C4B3}.Debug|Any CPU.Build.0 = Debug|Any CPU
		{B9384D49-3637-4C00-A5F8-CC70BCF9C4B3}.Release|Any CPU.ActiveCfg = Release|Any CPU
		{B9384D49-3637-4C00-A5F8-CC70BCF9C4B3}.Release|Any CPU.Build.0 = Release|Any CPU
		{9ED120B1-DD84-4775-BDB5-FC0D2BF6361A}.Debug|Any CPU.ActiveCfg = Debug|Any CPU
		{9ED120B1-DD84-4775-BDB5-FC0D2BF6361A}.Debug|Any CPU.Build.0 = Debug|Any CPU
		{9ED120B1-DD84-4775-BDB5-FC0D2BF6361A}.Release|Any CPU.ActiveCfg = Release|Any CPU
		{9ED120B1-DD84-4775-BDB5-FC0D2BF6361A}.Release|Any CPU.Build.0 = Release|Any CPU
		{B78321C0-6A91-4926-8C85-864B598D8FA5}.Debug|Any CPU.ActiveCfg = Debug|Any CPU
		{B78321C0-6A91-4926-8C85-864B598D8FA5}.Debug|Any CPU.Build.0 = Debug|Any CPU
		{B78321C0-6A91-4926-8C85-864B598D8FA5}.Release|Any CPU.ActiveCfg = Release|Any CPU
		{B78321C0-6A91-4926-8C85-864B598D8FA5}.Release|Any CPU.Build.0 = Release|Any CPU
	EndGlobalSection
	GlobalSection(SolutionProperties) = preSolution
		HideSolutionNode = FALSE
	EndGlobalSection
	GlobalSection(ExtensibilityGlobals) = postSolution
		SolutionGuid = {CBA98817-71E6-4F25-9E29-5B17BD7ED761}
	EndGlobalSection
EndGlobal
